Microsoft Visual Studio Solution File, Format Version 12.00
# Visual Studio Version 17
VisualStudioVersion = 17.5.2.0
MinimumVisualStudioVersion = 10.0.40219.1
Project("{FAE04EC0-301F-11D3-BF4B-00C04F79EFBC}") = "DirectoryDiffUI", "DirectoryDiffUI.csproj", "{3C912302-B7B8-9DBD-54EE-F891AA748EC1}"
EndProject
Global
	GlobalSection(SolutionConfigurationPlatforms) = preSolution
		Debug|Any CPU = Debug|Any CPU
		Release|Any CPU = Release|Any CPU
	EndGlobalSection
	GlobalSection(ProjectConfigurationPlatforms) = postSolution
		{3C912302-B7B8-9DBD-54EE-F891AA748EC1}.Debug|Any CPU.ActiveCfg = Debug|Any CPU
		{3C912302-B7B8-9DBD-54EE-F891AA748EC1}.Debug|Any CPU.Build.0 = Debug|Any CPU
		{3C912302-B7B8-9DBD-54EE-F891AA748EC1}.Release|Any CPU.ActiveCfg = Release|Any CPU
		{3C912302-B7B8-9DBD-54EE-F891AA748EC1}.Release|Any CPU.Build.0 = Release|Any CPU
	EndGlobalSection
	GlobalSection(SolutionProperties) = preSolution
		HideSolutionNode = FALSE
	EndGlobalSection
	GlobalSection(ExtensibilityGlobals) = postSolution
		SolutionGuid = {BA4930DD-0A8C-4F0B-8FC1-FA74E4D0AF7E}
	EndGlobalSection
EndGlobal
